
Microsoft Visual Studio Solution File, Format Version 12.00
# Visual Studio Version 16
VisualStudioVersion = 16.0.30907.101
MinimumVisualStudioVersion = 10.0.40219.1
Project("{8BC9CEB8-8B4A-11D0-8D11-00A0C91BC942}") = "thrust", "thrust\thrust.vcxproj", "{40062ED6-A2E4-4044-8810-C95121E64E30}"
EndProject
Global
	GlobalSection(SolutionConfigurationPlatforms) = preSolution
		Debug|x64 = Debug|x64
		Release|x64 = Release|x64
	EndGlobalSection
	GlobalSection(ProjectConfigurationPlatforms) = postSolution
		{40062ED6-A2E4-4044-8810-C95121E64E30}.Debug|x64.ActiveCfg = Debug|x64
		{40062ED6-A2E4-4044-8810-C95121E64E30}.Debug|x64.Build.0 = Debug|x64
		{40062ED6-A2E4-4044-8810-C95121E64E30}.Release|x64.ActiveCfg = Release|x64
		{40062ED6-A2E4-4044-8810-C95121E64E30}.Release|x64.Build.0 = Release|x64
	EndGlobalSection
	GlobalSection(SolutionProperties) = preSolution
		HideSolutionNode = FALSE
	EndGlobalSection
	GlobalSection(ExtensibilityGlobals) = postSolution
		SolutionGuid = {414D7797-C293-420F-8241-D8092BF99B7B}
	EndGlobalSection
EndGlobal
